PODS:
  - Realm (3.0.2):
    - Realm/Headers (= 3.0.2)
  - Realm/Headers (3.0.2)

DEPENDENCIES:
  - Realm

SPEC REPOS:
  https://github.com/CocoaPods/Specs.git:
    - Realm

SPEC CHECKSUMS:
  Realm: 6f23fd1f178a09342eac21bfa7c2bf4312a7a180

PODFILE CHECKSUM: dde1da2f9d675d5ef3e6023ce8e2050da17df2ad

COCOAPODS: 1.10.0.rc.1
